// !$*UTF8*$!
{
	archiveVersion = 1;
	classes = {
	};
	objectVersion = 50;
	objects = {

/* Begin PBXBuildFile section */
		15D1CC4C26149ED0000B31F8 /* AppDelegate.swift in Sources */ = {isa = PBXBuildFile; fileRef = 15D1CC4B26149ED0000B31F8 /* AppDelegate.swift */; };
		15D1CC4E26149ED0000B31F8 /* SceneDelegate.swift in Sources */ = {isa = PBXBuildFile; fileRef = 15D1CC4D26149ED0000B31F8 /* SceneDelegate.swift */; };
		15D1CC5026149ED0000B31F8 /* ContentView.swift in Sources */ = {isa = PBXBuildFile; fileRef = 15D1CC4F26149ED0000B31F8 /* ContentView.swift */; };
		15D1CC5226149ED1000B31F8 /* Assets.xcassets in Resources */ = {isa = PBXBuildFile; fileRef = 15D1CC5126149ED1000B31F8 /* Assets.xcassets */; };
		15D1CC5526149ED1000B31F8 /* Preview Assets.xcassets in Resources */ = {isa = PBXBuildFile; fileRef = 15D1CC5426149ED1000B31F8 /* Preview Assets.xcassets */; };
		15D1CC5826149ED1000B31F8 /* LaunchScreen.storyboard in Resources */ = {isa = PBXBuildFile; fileRef = 15D1CC5626149ED1000B31F8 /* LaunchScreen.storyboard */; };
		15D1CC6526149F15000B31F8 /* DetailView.swift in Sources */ = {isa = PBXBuildFile; fileRef = 15D1CC6426149F15000B31F8 /* DetailView.swift */; };
		15D1CC6926149F2A000B31F8 /* NetworkManager.swift in Sources */ = {isa = PBXBuildFile; fileRef = 15D1CC6826149F2A000B31F8 /* NetworkManager.swift */; };
		15D1CC6C26149F34000B31F8 /* PostData.swift in Sources */ = {isa = PBXBuildFile; fileRef = 15D1CC6B26149F34000B31F8 /* PostData.swift */; };
		15D1CC6F2614A86B000B31F8 /* WebView.swift in Sources */ = {isa = PBXBuildFile; fileRef = 15D1CC6E2614A86B000B31F8 /* WebView.swift */; };
/* End PBXBuildFile section */

/* Begin PBXFileReference section */
		15D1CC4826149ED0000B31F8 /* H4XOR News demo.app */ = {isa = PBXFileReference; explicitFileType = wrapper.application; includeInIndex = 0; path = "H4XOR News demo.app"; sourceTree = BUILT_PRODUCTS_DIR; };
		15D1CC4B26149ED0000B31F8 /* AppDelegate.swift */ = {isa = PBXFileReference; lastKnownFileType = sourcecode.swift; path = AppDelegate.swift; sourceTree = "<group>"; };
		15D1CC4D26149ED0000B31F8 /* SceneDelegate.swift */ = {isa = PBXFileReference; lastKnownFileType = sourcecode.swift; path = SceneDelegate.swift; sourceTree = "<group>"; };
		15D1CC4F26149ED0000B31F8 /* ContentView.swift */ = {isa = PBXFileReference; lastKnownFileType = sourcecode.swift; path = ContentView.swift; sourceTree = "<group>"; };
		15D1CC5126149ED1000B31F8 /* Assets.xcassets */ = {isa = PBXFileReference; lastKnownFileType = folder.assetcatalog; path = Assets.xcassets; sourceTree = "<group>"; };
		15D1CC5426149ED1000B31F8 /* Preview Assets.xcassets */ = {isa = PBXFileReference; lastKnownFileType = folder.assetcatalog; path = "Preview Assets.xcassets"; sourceTree = "<group>"; };
		15D1CC5726149ED1000B31F8 /* Base */ = {isa = PBXFileReference; lastKnownFileType = file.storyboard; name = Base; path = Base.lproj/LaunchScreen.storyboard; sourceTree = "<group>"; };
		15D1CC5926149ED1000B31F8 /* Info.plist */ = {isa = PBXFileReference; lastKnownFileType = text.plist.xml; path = Info.plist; sourceTree = "<group>"; };
		15D1CC6426149F15000B31F8 /* DetailView.swift */ = {isa = PBXFileReference; lastKnownFileType = sourcecode.swift; path = DetailView.swift; sourceTree = "<group>"; };
		15D1CC6826149F2A000B31F8 /* NetworkManager.swift */ = {isa = PBXFileReference; lastKnownFileType = sourcecode.swift; path = NetworkManager.swift; sourceTree = "<group>"; };
		15D1CC6B26149F34000B31F8 /* PostData.swift */ = {isa = PBXFileReference; lastKnownFileType = sourcecode.swift; path = PostData.swift; sourceTree = "<group>"; };
		15D1CC6E2614A86B000B31F8 /* WebView.swift */ = {isa = PBXFileReference; lastKnownFileType = sourcecode.swift; path = WebView.swift; sourceTree = "<group>"; };
/* End PBXFileReference section */

/* Begin PBXFrameworksBuildPhase section */
		15D1CC4526149ED0000B31F8 /* Frameworks */ = {
			isa = PBXFrameworksBuildPhase;
			buildActionMask = 2147483647;
			files = (
			);
			runOnlyForDeploymentPostprocessing = 0;
		};
/* End PBXFrameworksBuildPhase section */

/* Begin PBXGroup section */
		15D1CC3F26149ED0000B31F8 = {
			isa = PBXGroup;
			children = (
				15D1CC4A26149ED0000B31F8 /* H4XOR News demo */,
				15D1CC4926149ED0000B31F8 /* Products */,
			);
			sourceTree = "<group>";
		};
		15D1CC4926149ED0000B31F8 /* Products */ = {
			isa = PBXGroup;
			children = (
				15D1CC4826149ED0000B31F8 /* H4XOR News demo.app */,
			);
			name = Products;
			sourceTree = "<group>";
		};
		15D1CC4A26149ED0000B31F8 /* H4XOR News demo */ = {
			isa = PBXGroup;
			children = (
				15D1CC6226149EF0000B31F8 /* Views */,
				15D1CC6026149EDE000B31F8 /* Models */,
				15D1CC4B26149ED0000B31F8 /* AppDelegate.swift */,
				15D1CC4D26149ED0000B31F8 /* SceneDelegate.swift */,
				15D1CC5126149ED1000B31F8 /* Assets.xcassets */,
				15D1CC5626149ED1000B31F8 /* LaunchScreen.storyboard */,
				15D1CC5926149ED1000B31F8 /* Info.plist */,
				15D1CC5326149ED1000B31F8 /* Preview Content */,
			);
			path = "H4XOR News demo";
			sourceTree = "<group>";
		};
		15D1CC5326149ED1000B31F8 /* Preview Content */ = {
			isa = PBXGroup;
			children = (
				15D1CC5426149ED1000B31F8 /* Preview Assets.xcassets */,
			);
			path = "Preview Content";
			sourceTree = "<group>";
		};
		15D1CC6026149EDE000B31F8 /* Models */ = {
			isa = PBXGroup;
			children = (
				15D1CC6826149F2A000B31F8 /* NetworkManager.swift */,
				15D1CC6B26149F34000B31F8 /* PostData.swift */,
			);
			path = Models;
			sourceTree = "<group>";
		};
		15D1CC6226149EF0000B31F8 /* Views */ = {
			isa = PBXGroup;
			children = (
				15D1CC4F26149ED0000B31F8 /* ContentView.swift */,
				15D1CC6426149F15000B31F8 /* DetailView.swift */,
				15D1CC6E2614A86B000B31F8 /* WebView.swift */,
			);
			path = Views;
			sourceTree = "<group>";
		};
/* End PBXGroup section */

/* Begin PBXNativeTarget section */
		15D1CC4726149ED0000B31F8 /* H4XOR News demo */ = {
			isa = PBXNativeTarget;
			buildConfigurationList = 15D1CC5C26149ED1000B31F8 /* Build configuration list for PBXNativeTarget "H4XOR News demo" */;
			buildPhases = (
				15D1CC4426149ED0000B31F8 /* Sources */,
				15D1CC4526149ED0000B31F8 /* Frameworks */,
				15D1CC4626149ED0000B31F8 /* Resources */,
			);
			buildRules = (
			);
			dependencies = (
			);
			name = "H4XOR News demo";
			productName = "H4XOR News demo";
			productReference = 15D1CC4826149ED0000B31F8 /* H4XOR News demo.app */;
			productType = "com.apple.product-type.application";
		};
/* End PBXNativeTarget section */

/* Begin PBXProject section */
		15D1CC4026149ED0000B31F8 /* Project object */ = {
			isa = PBXProject;
			attributes = {
				LastSwiftUpdateCheck = 1240;
				LastUpgradeCheck = 1240;
				TargetAttributes = {
					15D1CC4726149ED0000B31F8 = {
						CreatedOnToolsVersion = 12.4;
					};
				};
			};
			buildConfigurationList = 15D1CC4326149ED0000B31F8 /* Build configuration list for PBXProject "H4XOR News demo" */;
			compatibilityVersion = "Xcode 9.3";
			developmentRegion = en;
			hasScannedForEncodings = 0;
			knownRegions = (
				en,
				Base,
			);
			mainGroup = 15D1CC3F26149ED0000B31F8;
			productRefGroup = 15D1CC4926149ED0000B31F8 /* Products */;
			projectDirPath = "";
			projectRoot = "";
			targets = (
				15D1CC4726149ED0000B31F8 /* H4XOR News demo */,
			);
		};
/* End PBXProject section */

/* Begin PBXResourcesBuildPhase section */
		15D1CC4626149ED0000B31F8 /* Resources */ = {
			isa = PBXResourcesBuildPhase;
			buildActionMask = 2147483647;
			files = (
				15D1CC5826149ED1000B31F8 /* LaunchScreen.storyboard in Resources */,
				15D1CC5526149ED1000B31F8 /* Preview Assets.xcassets in Resources */,
				15D1CC5226149ED1000B31F8 /* Assets.xcassets in Resources */,
			);
			runOnlyForDeploymentPostprocessing = 0;
		};
/* End PBXResourcesBuildPhase section */

/* Begin PBXSourcesBuildPhase section */
		15D1CC4426149ED0000B31F8 /* Sources */ = {
			isa = PBXSourcesBuildPhase;
			buildActionMask = 2147483647;
			files = (
				15D1CC4C26149ED0000B31F8 /* AppDelegate.swift in Sources */,
				15D1CC6C26149F34000B31F8 /* PostData.swift in Sources */,
				15D1CC6526149F15000B31F8 /* DetailView.swift in Sources */,
				15D1CC6926149F2A000B31F8 /* NetworkManager.swift in Sources */,
				15D1CC4E26149ED0000B31F8 /* SceneDelegate.swift in Sources */,
				15D1CC5026149ED0000B31F8 /* ContentView.swift in Sources */,
				15D1CC6F2614A86B000B31F8 /* WebView.swift in Sources */,
			);
			runOnlyForDeploymentPostprocessing = 0;
		};
/* End PBXSourcesBuildPhase section */

/* Begin PBXVariantGroup section */
		15D1CC5626149ED1000B31F8 /* LaunchScreen.storyboard */ = {
			isa = PBXVariantGroup;
			children = (
				15D1CC5726149ED1000B31F8 /* Base */,
			);
			name = LaunchScreen.storyboard;
			sourceTree = "<group>";
		};
/* End PBXVariantGroup section */

/* Begin XCBuildConfiguration section */
		15D1CC5A26149ED1000B31F8 /* Debug */ = {
			isa = XCBuildConfiguration;
			buildSettings = {
				ALWAYS_SEARCH_USER_PATHS = NO;
				CLANG_ANALYZER_NONNULL = YES;
				CLANG_ANALYZER_NUMBER_OBJECT_CONVERSION = YES_AGGRESSIVE;
				CLANG_CXX_LANGUAGE_STANDARD = "gnu++14";
				CLANG_CXX_LIBRARY = "libc++";
				CLANG_ENABLE_MODULES = YES;
				CLANG_ENABLE_OBJC_ARC = YES;
				CLANG_ENABLE_OBJC_WEAK = YES;
				CLANG_WARN_BLOCK_CAPTURE_AUTORELEASING = YES;
				CLANG_WARN_BOOL_CONVERSION = YES;
				CLANG_WARN_COMMA = YES;
				CLANG_WARN_CONSTANT_CONVERSION = YES;
				CLANG_WARN_DEPRECATED_OBJC_IMPLEMENTATIONS = YES;
				CLANG_WARN_DIRECT_OBJC_ISA_USAGE = YES_ERROR;
				CLANG_WARN_DOCUMENTATION_COMMENTS = YES;
				CLANG_WARN_EMPTY_BODY = YES;
				CLANG_WARN_ENUM_CONVERSION = YES;
				CLANG_WARN_INFINITE_RECURSION = YES;
				CLANG_WARN_INT_CONVERSION = YES;
				CLANG_WARN_NON_LITERAL_NULL_CONVERSION = YES;
				CLANG_WARN_OBJC_IMPLICIT_RETAIN_SELF = YES;
				CLANG_WARN_OBJC_LITERAL_CONVERSION = YES;
				CLANG_WARN_OBJC_ROOT_CLASS = YES_ERROR;
				CLANG_WARN_QUOTED_INCLUDE_IN_FRAMEWORK_HEADER = YES;
				CLANG_WARN_RANGE_LOOP_ANALYSIS = YES;
				CLANG_WARN_STRICT_PROTOTYPES = YES;
				CLANG_WARN_SUSPICIOUS_MOVE = YES;
				CLANG_WARN_UNGUARDED_AVAILABILITY = YES_AGGRESSIVE;
				CLANG_WARN_UNREACHABLE_CODE = YES;
				CLANG_WARN__DUPLICATE_METHOD_MATCH = YES;
				COPY_PHASE_STRIP = NO;
				DEBUG_INFORMATION_FORMAT = dwarf;
				ENABLE_STRICT_OBJC_MSGSEND = YES;
				ENABLE_TESTABILITY = YES;
				GCC_C_LANGUAGE_STANDARD = gnu11;
				GCC_DYNAMIC_NO_PIC = NO;
				GCC_NO_COMMON_BLOCKS = YES;
				GCC_OPTIMIZATION_LEVEL = 0;
				GCC_PREPROCESSOR_DEFINITIONS = (
					"DEBUG=1",
					"$(inherited)",
				);
				GCC_WARN_64_TO_32_BIT_CONVERSION = YES;
				GCC_WARN_ABOUT_RETURN_TYPE = YES_ERROR;
				GCC_WARN_UNDECLARED_SELECTOR = YES;
				GCC_WARN_UNINITIALIZED_AUTOS = YES_AGGRESSIVE;
				GCC_WARN_UNUSED_FUNCTION = YES;
				GCC_WARN_UNUSED_VARIABLE = YES;
				IPHONEOS_DEPLOYMENT_TARGET = 14.4;
				MTL_ENABLE_DEBUG_INFO = INCLUDE_SOURCE;
				MTL_FAST_MATH = YES;
				ONLY_ACTIVE_ARCH = YES;
				SDKROOT = iphoneos;
				SWIFT_ACTIVE_COMPILATION_CONDITIONS = DEBUG;
				SWIFT_OPTIMIZATION_LEVEL = "-Onone";
			};
			name = Debug;
		};
		15D1CC5B26149ED1000B31F8 /* Release */ = {
			isa = XCBuildConfiguration;
			buildSettings = {
				ALWAYS_SEARCH_USER_PATHS = NO;
				CLANG_ANALYZER_NONNULL = YES;
				CLANG_ANALYZER_NUMBER_OBJECT_CONVERSION = YES_AGGRESSIVE;
				CLANG_CXX_LANGUAGE_STANDARD = "gnu++14";
				CLANG_CXX_LIBRARY = "libc++";
				CLANG_ENABLE_MODULES = YES;
				CLANG_ENABLE_OBJC_ARC = YES;
				CLANG_ENABLE_OBJC_WEAK = YES;
				CLANG_WARN_BLOCK_CAPTURE_AUTORELEASING = YES;
				CLANG_WARN_BOOL_CONVERSION = YES;
				CLANG_WARN_COMMA = YES;
				CLANG_WARN_CONSTANT_CONVERSION = YES;
				CLANG_WARN_DEPRECATED_OBJC_IMPLEMENTATIONS = YES;
				CLANG_WARN_DIRECT_OBJC_ISA_USAGE = YES_ERROR;
				CLANG_WARN_DOCUMENTATION_COMMENTS = YES;
				CLANG_WARN_EMPTY_BODY = YES;
				CLANG_WARN_ENUM_CONVERSION = YES;
				CLANG_WARN_INFINITE_RECURSION = YES;
				CLANG_WARN_INT_CONVERSION = YES;
				CLANG_WARN_NON_LITERAL_NULL_CONVERSION = YES;
				CLANG_WARN_OBJC_IMPLICIT_RETAIN_SELF = YES;
				CLANG_WARN_OBJC_LITERAL_CONVERSION = YES;
				CLANG_WARN_OBJC_ROOT_CLASS = YES_ERROR;
				CLANG_WARN_QUOTED_INCLUDE_IN_FRAMEWORK_HEADER = YES;
				CLANG_WARN_RANGE_LOOP_ANALYSIS = YES;
				CLANG_WARN_STRICT_PROTOTYPES = YES;
				CLANG_WARN_SUSPICIOUS_MOVE = YES;
				CLANG_WARN_UNGUARDED_AVAILABILITY = YES_AGGRESSIVE;
				CLANG_WARN_UNREACHABLE_CODE = YES;
				CLANG_WARN__DUPLICATE_METHOD_MATCH = YES;
				COPY_PHASE_STRIP = NO;
				DEBUG_INFORMATION_FORMAT = "dwarf-with-dsym";
				ENABLE_NS_ASSERTIONS = NO;
				ENABLE_STRICT_OBJC_MSGSEND = YES;
				GCC_C_LANGUAGE_STANDARD = gnu11;
				GCC_NO_COMMON_BLOCKS = YES;
				GCC_WARN_64_TO_32_BIT_CONVERSION = YES;
				GCC_WARN_ABOUT_RETURN_TYPE = YES_ERROR;
				GCC_WARN_UNDECLARED_SELECTOR = YES;
				GCC_WARN_UNINITIALIZED_AUTOS = YES_AGGRESSIVE;
				GCC_WARN_UNUSED_FUNCTION = YES;
				GCC_WARN_UNUSED_VARIABLE = YES;
				IPHONEOS_DEPLOYMENT_TARGET = 14.4;
				MTL_ENABLE_DEBUG_INFO = NO;
				MTL_FAST_MATH = YES;
				SDKROOT = iphoneos;
				SWIFT_COMPILATION_MODE = wholemodule;
				SWIFT_OPTIMIZATION_LEVEL = "-O";
				VALIDATE_PRODUCT = YES;
			};
			name = Release;
		};
		15D1CC5D26149ED1000B31F8 /* Debug */ = {
			isa = XCBuildConfiguration;
			buildSettings = {
				ASSETCATALOG_COMPILER_APPICON_NAME = AppIcon;
				ASSETCATALOG_COMPILER_GLOBAL_ACCENT_COLOR_NAME = AccentColor;
				CODE_SIGN_STYLE = Automatic;
				DEVELOPMENT_ASSET_PATHS = "\"H4XOR News demo/Preview Content\"";
				ENABLE_PREVIEWS = YES;
				INFOPLIST_FILE = "H4XOR News demo/Info.plist";
				LD_RUNPATH_SEARCH_PATHS = (
					"$(inherited)",
					"@executable_path/Frameworks",
				);
				PRODUCT_BUNDLE_IDENTIFIER = "lv.karlis-ios.com.H4XOR-News-demo";
				PRODUCT_NAME = "$(TARGET_NAME)";
				SWIFT_VERSION = 5.0;
				TARGETED_DEVICE_FAMILY = "1,2";
			};
			name = Debug;
		};
		15D1CC5E26149ED1000B31F8 /* Release */ = {
			isa = XCBuildConfiguration;
			buildSettings = {
				ASSETCATALOG_COMPILER_APPICON_NAME = AppIcon;
				ASSETCATALOG_COMPILER_GLOBAL_ACCENT_COLOR_NAME = AccentColor;
				CODE_SIGN_STYLE = Automatic;
				DEVELOPMENT_ASSET_PATHS = "\"H4XOR News demo/Preview Content\"";
				ENABLE_PREVIEWS = YES;
				INFOPLIST_FILE = "H4XOR News demo/Info.plist";
				LD_RUNPATH_SEARCH_PATHS = (
					"$(inherited)",
					"@executable_path/Frameworks",
				);
				PRODUCT_BUNDLE_IDENTIFIER = "lv.karlis-ios.com.H4XOR-News-demo";
				PRODUCT_NAME = "$(TARGET_NAME)";
				SWIFT_VERSION = 5.0;
				TARGETED_DEVICE_FAMILY = "1,2";
			};
			name = Release;
		};
/* End XCBuildConfiguration section */

/* Begin XCConfigurationList section */
		15D1CC4326149ED0000B31F8 /* Build configuration list for PBXProject "H4XOR News demo" */ = {
			isa = XCConfigurationList;
			buildConfigurations = (
				15D1CC5A26149ED1000B31F8 /* Debug */,
				15D1CC5B26149ED1000B31F8 /* Release */,
			);
			defaultConfigurationIsVisible = 0;
			defaultConfigurationName = Release;
		};
		15D1CC5C26149ED1000B31F8 /* Build configuration list for PBXNativeTarget "H4XOR News demo" */ = {
			isa = XCConfigurationList;
			buildConfigurations = (
				15D1CC5D26149ED1000B31F8 /* Debug */,
				15D1CC5E26149ED1000B31F8 /* Release */,
			);
			defaultConfigurationIsVisible = 0;
			defaultConfigurationName = Release;
		};
/* End XCConfigurationList section */
	};
	rootObject = 15D1CC4026149ED0000B31F8 /* Project object */;
}
